{
  "object": {
    "pins": [
      {
        "package": "Socket",
        "repositoryURL": "https://github.com/IBM-Swift/BlueSocket",
        "state": {
          "branch": null,
          "revision": "f82e1401f04f62b2e8ce4670456d104466957810",
          "version": "1.0.50"
        }
      },
      {
        "package": "Hydra",
        "repositoryURL": "https://github.com/rinsuki/Hydra",
        "state": {
          "branch": "fix/linux-build-error",
          "revision": "87676e0afca2f0aab7883c1bd3b5657b0f4253eb",
          "version": null
        }
      },
      {
        "package": "swift-nio",
        "repositoryURL": "https://github.com/apple/swift-nio.git",
        "state": {
          "branch": null,
          "revision": "ff01888051cd7efceb1bf8319c1dd3986c4bf6fc",
          "version": "2.10.1"
        }
      },
      {
        "package": "swift-nio-ssl",
        "repositoryURL": "https://github.com/apple/swift-nio-ssl.git",
        "state": {
          "branch": null,
          "revision": "ccf96bbe65ecc7c1558ab0dba7ffabdea5c1d31f",
          "version": "2.4.4"
        }
      },
      {
        "package": "SwiftDiscord",
        "repositoryURL": "https://github.com/nuclearace/SwiftDiscord",
        "state": {
          "branch": null,
          "revision": "5ea8875edf282350c843feb51274122423fd02b5",
          "version": null
        }
      },
      {
        "package": "websocket-kit",
        "repositoryURL": "https://github.com/vapor/websocket-kit",
        "state": {
          "branch": null,
          "revision": "d2fbfc28cb08e7a41644a92da16a383c8f9cc6f4",
          "version": null
        }
      }
    ]
  },
  "version": 1
}
